%{"certifi": {:hex, :certifi, "0.3.0"},
  "floki": {:hex, :floki, "0.7.1"},
  "hackney": {:hex, :hackney, "1.4.7"},
  "hound": {:hex, :hound, "0.7.6"},
  "httpoison": {:git, "https://github.com/edgurgel/httpoison", "a5e8a2468dba84ee0900270e6adec727b2681433", [tag: "master"]},
  "idna": {:hex, :idna, "1.0.2"},
  "mimerl": {:hex, :mimerl, "1.0.2"},
  "mochiweb": {:hex, :mochiweb, "2.12.2"},
  "poison": {:hex, :poison, "1.5.0"},
  "ssl_verify_hostname": {:hex, :ssl_verify_hostname, "1.0.5"}}
